
Microsoft Visual Studio Solution File, Format Version 12.00
# Visual Studio Version 17
VisualStudioVersion = 17.3.32825.248
MinimumVisualStudioVersion = 10.0.40219.1
Project("{9A19103F-16F7-4668-BE54-9A1E7A4F7556}") = "Q1", "Q1\Q1.csproj", "{9909EB11-6D5A-40BC-B661-4A47D4CC3E33}"
EndProject
Project("{9A19103F-16F7-4668-BE54-9A1E7A4F7556}") = "Q2", "..\Q2\Q2.csproj", "{D57DDAD0-53B4-455F-904C-52E43ECD9D31}"
EndProject
Project("{FAE04EC0-301F-11D3-BF4B-00C04F79EFBC}") = "Q3", "..\Q3\Q3.csproj", "{8B9621DD-0E28-4235-8494-B91F7EF93CC7}"
EndProject
Global
	GlobalSection(SolutionConfigurationPlatforms) = preSolution
		Debug|Any CPU = Debug|Any CPU
		Release|Any CPU = Release|Any CPU
	EndGlobalSection
	GlobalSection(ProjectConfigurationPlatforms) = postSolution
		{9909EB11-6D5A-40BC-B661-4A47D4CC3E33}.Debug|Any CPU.ActiveCfg = Debug|Any CPU
		{9909EB11-6D5A-40BC-B661-4A47D4CC3E33}.Debug|Any CPU.Build.0 = Debug|Any CPU
		{9909EB11-6D5A-40BC-B661-4A47D4CC3E33}.Release|Any CPU.ActiveCfg = Release|Any CPU
		{9909EB11-6D5A-40BC-B661-4A47D4CC3E33}.Release|Any CPU.Build.0 = Release|Any CPU
		{D57DDAD0-53B4-455F-904C-52E43ECD9D31}.Debug|Any CPU.ActiveCfg = Debug|Any CPU
		{D57DDAD0-53B4-455F-904C-52E43ECD9D31}.Debug|Any CPU.Build.0 = Debug|Any CPU
		{D57DDAD0-53B4-455F-904C-52E43ECD9D31}.Release|Any CPU.ActiveCfg = Release|Any CPU
		{D57DDAD0-53B4-455F-904C-52E43ECD9D31}.Release|Any CPU.Build.0 = Release|Any CPU
		{8B9621DD-0E28-4235-8494-B91F7EF93CC7}.Debug|Any CPU.ActiveCfg = Debug|Any CPU
		{8B9621DD-0E28-4235-8494-B91F7EF93CC7}.Debug|Any CPU.Build.0 = Debug|Any CPU
		{8B9621DD-0E28-4235-8494-B91F7EF93CC7}.Release|Any CPU.ActiveCfg = Release|Any CPU
		{8B9621DD-0E28-4235-8494-B91F7EF93CC7}.Release|Any CPU.Build.0 = Release|Any CPU
	EndGlobalSection
	GlobalSection(SolutionProperties) = preSolution
		HideSolutionNode = FALSE
	EndGlobalSection
	GlobalSection(ExtensibilityGlobals) = postSolution
		SolutionGuid = {14C9C042-BD47-4402-B96E-EA2BCC42A915}
	EndGlobalSection
EndGlobal
