
Microsoft Visual Studio Solution File, Format Version 12.00
# Visual Studio Version 17
VisualStudioVersion = 17.3.32825.248
MinimumVisualStudioVersion = 10.0.40219.1
Project("{FAE04EC0-301F-11D3-BF4B-00C04F79EFBC}") = "Q1", "Q1\Q1.csproj", "{D0A0DD2A-0C89-475C-A964-25C1A2F74E11}"
EndProject
Global
	GlobalSection(SolutionConfigurationPlatforms) = preSolution
		Debug|Any CPU = Debug|Any CPU
		Release|Any CPU = Release|Any CPU
	EndGlobalSection
	GlobalSection(ProjectConfigurationPlatforms) = postSolution
		{D0A0DD2A-0C89-475C-A964-25C1A2F74E11}.Debug|Any CPU.ActiveCfg = Debug|Any CPU
		{D0A0DD2A-0C89-475C-A964-25C1A2F74E11}.Debug|Any CPU.Build.0 = Debug|Any CPU
		{D0A0DD2A-0C89-475C-A964-25C1A2F74E11}.Release|Any CPU.ActiveCfg = Release|Any CPU
		{D0A0DD2A-0C89-475C-A964-25C1A2F74E11}.Release|Any CPU.Build.0 = Release|Any CPU
	EndGlobalSection
	GlobalSection(SolutionProperties) = preSolution
		HideSolutionNode = FALSE
	EndGlobalSection
	GlobalSection(ExtensibilityGlobals) = postSolution
		SolutionGuid = {C2E07D38-BE45-4896-AC97-16228ABBD8C4}
	EndGlobalSection
EndGlobal
