
Microsoft Visual Studio Solution File, Format Version 12.00
# Visual Studio Version 17
VisualStudioVersion = 17.3.32825.248
MinimumVisualStudioVersion = 10.0.40219.1
Project("{FAE04EC0-301F-11D3-BF4B-00C04F79EFBC}") = "Q3", "Q3\Q3.csproj", "{9352D147-A0B0-42CE-AF9F-0D0EFCF3E305}"
EndProject
Global
	GlobalSection(SolutionConfigurationPlatforms) = preSolution
		Debug|Any CPU = Debug|Any CPU
		Release|Any CPU = Release|Any CPU
	EndGlobalSection
	GlobalSection(ProjectConfigurationPlatforms) = postSolution
		{9352D147-A0B0-42CE-AF9F-0D0EFCF3E305}.Debug|Any CPU.ActiveCfg = Debug|Any CPU
		{9352D147-A0B0-42CE-AF9F-0D0EFCF3E305}.Debug|Any CPU.Build.0 = Debug|Any CPU
		{9352D147-A0B0-42CE-AF9F-0D0EFCF3E305}.Release|Any CPU.ActiveCfg = Release|Any CPU
		{9352D147-A0B0-42CE-AF9F-0D0EFCF3E305}.Release|Any CPU.Build.0 = Release|Any CPU
	EndGlobalSection
	GlobalSection(SolutionProperties) = preSolution
		HideSolutionNode = FALSE
	EndGlobalSection
	GlobalSection(ExtensibilityGlobals) = postSolution
		SolutionGuid = {EB7D96BA-7144-4C1C-8907-4617E1A68191}
	EndGlobalSection
EndGlobal
